# This file is automatically @generated by Cargo.
# It is not intended for manual editing.
version = 4

[[package]]
name = "photensor"
version = "0.1.0"

[[package]]
name = "photensor-burn"
version = "0.1.0"

[[package]]
name = "photensor-core"
version = "0.1.0"

[[package]]
name = "photensor-hw"
version = "0.1.0"

[[package]]
name = "photensor-macros"
version = "0.1.0"

[[package]]
name = "photensor-sim"
version = "0.1.0"
